
Microsoft Visual Studio Solution File, Format Version 12.00
# Visual Studio Version 16
VisualStudioVersion = 16.0.30114.105
MinimumVisualStudioVersion = 10.0.40219.1
Project("{9092AA53-FB77-4645-B42D-1CCCA6BD08BD}") = "COMP2068_Assignment1_Portfolio", "COMP2068_Assignment1_Portfolio\COMP2068_Assignment1_Portfolio.njsproj", "{0A01708F-1BF1-474D-8DD2-62B422C59A98}"
EndProject
Global
	GlobalSection(SolutionConfigurationPlatforms) = preSolution
		Debug|Any CPU = Debug|Any CPU
		Release|Any CPU = Release|Any CPU
	EndGlobalSection
	GlobalSection(ProjectConfigurationPlatforms) = postSolution
		{0A01708F-1BF1-474D-8DD2-62B422C59A98}.Debug|Any CPU.ActiveCfg = Debug|Any CPU
		{0A01708F-1BF1-474D-8DD2-62B422C59A98}.Debug|Any CPU.Build.0 = Debug|Any CPU
		{0A01708F-1BF1-474D-8DD2-62B422C59A98}.Release|Any CPU.ActiveCfg = Release|Any CPU
		{0A01708F-1BF1-474D-8DD2-62B422C59A98}.Release|Any CPU.Build.0 = Release|Any CPU
	EndGlobalSection
	GlobalSection(SolutionProperties) = preSolution
		HideSolutionNode = FALSE
	EndGlobalSection
	GlobalSection(ExtensibilityGlobals) = postSolution
		SolutionGuid = {86DBAEEA-D16D-472B-B0B3-C76E7E7B9A25}
	EndGlobalSection
EndGlobal
